<?xml version="1.0" encoding="utf-8"?>
<Project ToolsVersion="4.0" xmlns="http://schemas.microsoft.com/developer/msbuild/2003">
  <ItemGroup>
    <ClCompile Include="Communicator.cpp" />
    <ClCompile Include="Helper.cpp" />
    <ClCompile Include="InvalidLoginException.cpp" />
    <ClCompile Include="JsonRequestPacketDeserializer.cpp" />
    <ClCompile Include="JsonResponsePacketSerializer.cpp" />
    <ClCompile Include="LoggedUser.cpp" />
    <ClCompile Include="LoginManager.cpp" />
    <ClCompile Include="LoginRequestHandler.cpp" />
    <ClCompile Include="Main.cpp" />
    <ClCompile Include="MenuRequestHandler.cpp" />
    <ClCompile Include="RequestHandlerFactory.cpp" />
    <ClCompile Include="Room.cpp" />
    <ClCompile Include="RoomManager.cpp" />
    <ClCompile Include="Server.cpp" />
    <ClCompile Include="sqlite3.c" />
    <ClCompile Include="SqliteDatabase.cpp" />
    <ClCompile Include="WSAInitializer.cpp" />
    <ClCompile Include="StatisticsManager.cpp" />
  </ItemGroup>
  <ItemGroup>
    <ClInclude Include="Bytes.h" />
    <ClInclude Include="Codes.h" />
    <ClInclude Include="Communicator.h" />
    <ClInclude Include="CreateRoomResponse.h" />
    <ClInclude Include="ErrorResponse.h" />
    <ClInclude Include="getHighScoreResponse.h" />
    <ClInclude Include="getPersonalStatsResponse.h" />
    <ClInclude Include="GetPlayersInRoomResponse.h" />
    <ClInclude Include="CreateRoomRequest.h" />
    <ClInclude Include="GetPlayersInRoomRequest.h" />
    <ClInclude Include="Helper.h" />
    <ClInclude Include="IDatabase.h" />
    <ClInclude Include="InvalidLoginException.h" />
    <ClInclude Include="IRequestHandler.h" />
    <ClInclude Include="JoinRoomResponse.h" />
    <ClInclude Include="JoinRoomRequest.h" />
    <ClInclude Include="json.hpp" />
    <ClInclude Include="JsonRequestPacketDeserializer.h" />
    <ClInclude Include="JsonResponsePacketSerializer.h" />
    <ClInclude Include="LoggedUser.h" />
    <ClInclude Include="LoginManager.h" />
    <ClInclude Include="LoginRequest.h" />
    <ClInclude Include="LoginRequestHandler.h" />
    <ClInclude Include="LoginResponse.h" />
    <ClInclude Include="MenuRequestHandler.h" />
    <ClInclude Include="RequestHandlerFactory.h" />
    <ClInclude Include="RequestInfo.h" />
    <ClInclude Include="RequestResult.h" />
    <ClInclude Include="Room.h" />
    <ClInclude Include="RoomData.h" />
    <ClInclude Include="RoomManager.h" />
    <ClInclude Include="Server.h" />
    <ClInclude Include="SignupRequest.h" />
    <ClInclude Include="SignupResponse.h" />
    <ClInclude Include="sqlite3.h" />
    <ClInclude Include="SqliteDatabase.h" />
    <ClInclude Include="WSAInitializer.h" />
    <ClInclude Include="StatisticsInfo.h" />
    <ClInclude Include="StatisticsManager.h" />
  </ItemGroup>
</Project>